
Microsoft Visual Studio Solution File, Format Version 12.00
# Visual Studio Version 16
VisualStudioVersion = 16.0.31402.337
MinimumVisualStudioVersion = 10.0.40219.1
Project("{FAE04EC0-301F-11D3-BF4B-00C04F79EFBC}") = "CoffeBrandSurvey", "CoffeBrandSurvey.csproj", "{FEFF3676-9FDD-4B66-A4C3-33838D3C5B01}"
EndProject
Global
	GlobalSection(SolutionConfigurationPlatforms) = preSolution
		Debug|Any CPU = Debug|Any CPU
		Release|Any CPU = Release|Any CPU
	EndGlobalSection
	GlobalSection(ProjectConfigurationPlatforms) = postSolution
		{FEFF3676-9FDD-4B66-A4C3-33838D3C5B01}.Debug|Any CPU.ActiveCfg = Debug|Any CPU
		{FEFF3676-9FDD-4B66-A4C3-33838D3C5B01}.Debug|Any CPU.Build.0 = Debug|Any CPU
		{FEFF3676-9FDD-4B66-A4C3-33838D3C5B01}.Release|Any CPU.ActiveCfg = Release|Any CPU
		{FEFF3676-9FDD-4B66-A4C3-33838D3C5B01}.Release|Any CPU.Build.0 = Release|Any CPU
	EndGlobalSection
	GlobalSection(SolutionProperties) = preSolution
		HideSolutionNode = FALSE
	EndGlobalSection
	GlobalSection(ExtensibilityGlobals) = postSolution
		SolutionGuid = {0F0F9F58-6EC1-4D00-AD68-9DF809537F41}
	EndGlobalSection
EndGlobal
